
Microsoft Visual Studio Solution File, Format Version 12.00
# Visual Studio Version 17
VisualStudioVersion = 17.13.35913.81 d17.13
MinimumVisualStudioVersion = 10.0.40219.1
Project("{FAE04EC0-301F-11D3-BF4B-00C04F79EFBC}") = "SkillHire", "SkillHire.csproj", "{84B5A6DC-F484-437F-ACD3-739B992AA7FA}"
EndProject
Global
	GlobalSection(SolutionConfigurationPlatforms) = preSolution
		Debug|Any CPU = Debug|Any CPU
		Release|Any CPU = Release|Any CPU
	EndGlobalSection
	GlobalSection(ProjectConfigurationPlatforms) = postSolution
		{84B5A6DC-F484-437F-ACD3-739B992AA7FA}.Debug|Any CPU.ActiveCfg = Debug|Any CPU
		{84B5A6DC-F484-437F-ACD3-739B992AA7FA}.Debug|Any CPU.Build.0 = Debug|Any CPU
		{84B5A6DC-F484-437F-ACD3-739B992AA7FA}.Release|Any CPU.ActiveCfg = Release|Any CPU
		{84B5A6DC-F484-437F-ACD3-739B992AA7FA}.Release|Any CPU.Build.0 = Release|Any CPU
	EndGlobalSection
	GlobalSection(SolutionProperties) = preSolution
		HideSolutionNode = FALSE
	EndGlobalSection
	GlobalSection(ExtensibilityGlobals) = postSolution
		SolutionGuid = {E19DF064-C0EC-48C2-9F12-1DE62300DFAF}
	EndGlobalSection
EndGlobal
